// !$*UTF8*$!
{
	archiveVersion = 1;
	classes = {
	};
	objectVersion = 46;
	objects = {

/* Begin PBXBuildFile section */
		737E64771C7A46CE000355DD /* main.m in Sources */ = {isa = PBXBuildFile; fileRef = 737E64761C7A46CE000355DD /* main.m */; };
		737E647A1C7A46CE000355DD /* AppDelegate.m in Sources */ = {isa = PBXBuildFile; fileRef = 737E64791C7A46CE000355DD /* AppDelegate.m */; };
		737E647D1C7A46CE000355DD /* MasterViewController.m in Sources */ = {isa = PBXBuildFile; fileRef = 737E647C1C7A46CE000355DD /* MasterViewController.m */; };
		737E64801C7A46CE000355DD /* DetailViewController.m in Sources */ = {isa = PBXBuildFile; fileRef = 737E647F1C7A46CE000355DD /* DetailViewController.m */; };
		737E64831C7A46CF000355DD /* Main.storyboard in Resources */ = {isa = PBXBuildFile; fileRef = 737E64811C7A46CF000355DD /* Main.storyboard */; };
		737E64851C7A46CF000355DD /* Assets.xcassets in Resources */ = {isa = PBXBuildFile; fileRef = 737E64841C7A46CF000355DD /* Assets.xcassets */; };
		737E64881C7A46CF000355DD /* LaunchScreen.storyboard in Resources */ = {isa = PBXBuildFile; fileRef = 737E64861C7A46CF000355DD /* LaunchScreen.storyboard */; };
		737E64931C7A46CF000355DD /* PCS_AppTests.m in Sources */ = {isa = PBXBuildFile; fileRef = 737E64921C7A46CF000355DD /* PCS_AppTests.m */; };
		737E649E1C7A46CF000355DD /* PCS_AppUITests.m in Sources */ = {isa = PBXBuildFile; fileRef = 737E649D1C7A46CF000355DD /* PCS_AppUITests.m */; };
/* End PBXBuildFile section */

/* Begin PBXContainerItemProxy section */
		737E648F1C7A46CF000355DD /* PBXContainerItemProxy */ = {
			isa = PBXContainerItemProxy;
			containerPortal = 737E646A1C7A46CE000355DD /* Project object */;
			proxyType = 1;
			remoteGlobalIDString = 737E64711C7A46CE000355DD;
			remoteInfo = "PCS App";
		};
		737E649A1C7A46CF000355DD /* PBXContainerItemProxy */ = {
			isa = PBXContainerItemProxy;
			containerPortal = 737E646A1C7A46CE000355DD /* Project object */;
			proxyType = 1;
			remoteGlobalIDString = 737E64711C7A46CE000355DD;
			remoteInfo = "PCS App";
		};
/* End PBXContainerItemProxy section */

/* Begin PBXFileReference section */
		737E64721C7A46CE000355DD /* PCS App.app */ = {isa = PBXFileReference; explicitFileType = wrapper.application; includeInIndex = 0; path = "PCS App.app"; sourceTree = BUILT_PRODUCTS_DIR; };
		737E64761C7A46CE000355DD /* main.m */ = {isa = PBXFileReference; lastKnownFileType = sourcecode.c.objc; path = main.m; sourceTree = "<group>"; };
		737E64781C7A46CE000355DD /* AppDelegate.h */ = {isa = PBXFileReference; lastKnownFileType = sourcecode.c.h; path = AppDelegate.h; sourceTree = "<group>"; };
		737E64791C7A46CE000355DD /* AppDelegate.m */ = {isa = PBXFileReference; lastKnownFileType = sourcecode.c.objc; path = AppDelegate.m; sourceTree = "<group>"; };
		737E647B1C7A46CE000355DD /* MasterViewController.h */ = {isa = PBXFileReference; lastKnownFileType = sourcecode.c.h; path = MasterViewController.h; sourceTree = "<group>"; };
		737E647C1C7A46CE000355DD /* MasterViewController.m */ = {isa = PBXFileReference; lastKnownFileType = sourcecode.c.objc; path = MasterViewController.m; sourceTree = "<group>"; };
		737E647E1C7A46CE000355DD /* DetailViewController.h */ = {isa = PBXFileReference; lastKnownFileType = sourcecode.c.h; path = DetailViewController.h; sourceTree = "<group>"; };
		737E647F1C7A46CE000355DD /* DetailViewController.m */ = {isa = PBXFileReference; lastKnownFileType = sourcecode.c.objc; path = DetailViewController.m; sourceTree = "<group>"; };
		737E64821C7A46CF000355DD /* Base */ = {isa = PBXFileReference; lastKnownFileType = file.storyboard; name = Base; path = Base.lproj/Main.storyboard; sourceTree = "<group>"; };
		737E64841C7A46CF000355DD /* Assets.xcassets */ = {isa = PBXFileReference; lastKnownFileType = folder.assetcatalog; path = Assets.xcassets; sourceTree = "<group>"; };
		737E64871C7A46CF000355DD /* Base */ = {isa = PBXFileReference; lastKnownFileType = file.storyboard; name = Base; path = Base.lproj/LaunchScreen.storyboard; sourceTree = "<group>"; };
		737E64891C7A46CF000355DD /* Info.plist */ = {isa = PBXFileReference; lastKnownFileType = text.plist.xml; path = Info.plist; sourceTree = "<group>"; };
		737E648E1C7A46CF000355DD /* PCS AppTests.xctest */ = {isa = PBXFileReference; explicitFileType = wrapper.cfbundle; includeInIndex = 0; path = "PCS AppTests.xctest"; sourceTree = BUILT_PRODUCTS_DIR; };
		737E64921C7A46CF000355DD /* PCS_AppTests.m */ = {isa = PBXFileReference; lastKnownFileType = sourcecode.c.objc; path = PCS_AppTests.m; sourceTree = "<group>"; };
		737E64941C7A46CF000355DD /* Info.plist */ = {isa = PBXFileReference; lastKnownFileType = text.plist.xml; path = Info.plist; sourceTree = "<group>"; };
		737E64991C7A46CF000355DD /* PCS AppUITests.xctest */ = {isa = PBXFileReference; explicitFileType = wrapper.cfbundle; includeInIndex = 0; path = "PCS AppUITests.xctest"; sourceTree = BUILT_PRODUCTS_DIR; };
		737E649D1C7A46CF000355DD /* PCS_AppUITests.m */ = {isa = PBXFileReference; lastKnownFileType = sourcecode.c.objc; path = PCS_AppUITests.m; sourceTree = "<group>"; };
		737E649F1C7A46CF000355DD /* Info.plist */ = {isa = PBXFileReference; lastKnownFileType = text.plist.xml; path = Info.plist; sourceTree = "<group>"; };
/* End PBXFileReference section */

/* Begin PBXFrameworksBuildPhase section */
		737E646F1C7A46CE000355DD /* Frameworks */ = {
			isa = PBXFrameworksBuildPhase;
			buildActionMask = 2147483647;
			files = (
			);
			runOnlyForDeploymentPostprocessing = 0;
		};
		737E648B1C7A46CF000355DD /* Frameworks */ = {
			isa = PBXFrameworksBuildPhase;
			buildActionMask = 2147483647;
			files = (
			);
			runOnlyForDeploymentPostprocessing = 0;
		};
		737E64961C7A46CF000355DD /* Frameworks */ = {
			isa = PBXFrameworksBuildPhase;
			buildActionMask = 2147483647;
			files = (
			);
			runOnlyForDeploymentPostprocessing = 0;
		};
/* End PBXFrameworksBuildPhase section */

/* Begin PBXGroup section */
		737E64691C7A46CE000355DD = {
			isa = PBXGroup;
			children = (
				737E64741C7A46CE000355DD /* PCS App */,
				737E64911C7A46CF000355DD /* PCS AppTests */,
				737E649C1C7A46CF000355DD /* PCS AppUITests */,
				737E64731C7A46CE000355DD /* Products */,
			);
			sourceTree = "<group>";
		};
		737E64731C7A46CE000355DD /* Products */ = {
			isa = PBXGroup;
			children = (
				737E64721C7A46CE000355DD /* PCS App.app */,
				737E648E1C7A46CF000355DD /* PCS AppTests.xctest */,
				737E64991C7A46CF000355DD /* PCS AppUITests.xctest */,
			);
			name = Products;
			sourceTree = "<group>";
		};
		737E64741C7A46CE000355DD /* PCS App */ = {
			isa = PBXGroup;
			children = (
				737E64781C7A46CE000355DD /* AppDelegate.h */,
				737E64791C7A46CE000355DD /* AppDelegate.m */,
				737E647B1C7A46CE000355DD /* MasterViewController.h */,
				737E647C1C7A46CE000355DD /* MasterViewController.m */,
				737E647E1C7A46CE000355DD /* DetailViewController.h */,
				737E647F1C7A46CE000355DD /* DetailViewController.m */,
				737E64811C7A46CF000355DD /* Main.storyboard */,
				737E64841C7A46CF000355DD /* Assets.xcassets */,
				737E64861C7A46CF000355DD /* LaunchScreen.storyboard */,
				737E64891C7A46CF000355DD /* Info.plist */,
				737E64751C7A46CE000355DD /* Supporting Files */,
			);
			path = "PCS App";
			sourceTree = "<group>";
		};
		737E64751C7A46CE000355DD /* Supporting Files */ = {
			isa = PBXGroup;
			children = (
				737E64761C7A46CE000355DD /* main.m */,
			);
			name = "Supporting Files";
			sourceTree = "<group>";
		};
		737E64911C7A46CF000355DD /* PCS AppTests */ = {
			isa = PBXGroup;
			children = (
				737E64921C7A46CF000355DD /* PCS_AppTests.m */,
				737E64941C7A46CF000355DD /* Info.plist */,
			);
			path = "PCS AppTests";
			sourceTree = "<group>";
		};
		737E649C1C7A46CF000355DD /* PCS AppUITests */ = {
			isa = PBXGroup;
			children = (
				737E649D1C7A46CF000355DD /* PCS_AppUITests.m */,
				737E649F1C7A46CF000355DD /* Info.plist */,
			);
			path = "PCS AppUITests";
			sourceTree = "<group>";
		};
/* End PBXGroup section */

/* Begin PBXNativeTarget section */
		737E64711C7A46CE000355DD /* PCS App */ = {
			isa = PBXNativeTarget;
			buildConfigurationList = 737E64A21C7A46CF000355DD /* Build configuration list for PBXNativeTarget "PCS App" */;
			buildPhases = (
				737E646E1C7A46CE000355DD /* Sources */,
				737E646F1C7A46CE000355DD /* Frameworks */,
				737E64701C7A46CE000355DD /* Resources */,
			);
			buildRules = (
			);
			dependencies = (
			);
			name = "PCS App";
			productName = "PCS App";
			productReference = 737E64721C7A46CE000355DD /* PCS App.app */;
			productType = "com.apple.product-type.application";
		};
		737E648D1C7A46CF000355DD /* PCS AppTests */ = {
			isa = PBXNativeTarget;
			buildConfigurationList = 737E64A51C7A46CF000355DD /* Build configuration list for PBXNativeTarget "PCS AppTests" */;
			buildPhases = (
				737E648A1C7A46CF000355DD /* Sources */,
				737E648B1C7A46CF000355DD /* Frameworks */,
				737E648C1C7A46CF000355DD /* Resources */,
			);
			buildRules = (
			);
			dependencies = (
				737E64901C7A46CF000355DD /* PBXTargetDependency */,
			);
			name = "PCS AppTests";
			productName = "PCS AppTests";
			productReference = 737E648E1C7A46CF000355DD /* PCS AppTests.xctest */;
			productType = "com.apple.product-type.bundle.unit-test";
		};
		737E64981C7A46CF000355DD /* PCS AppUITests */ = {
			isa = PBXNativeTarget;
			buildConfigurationList = 737E64A81C7A46CF000355DD /* Build configuration list for PBXNativeTarget "PCS AppUITests" */;
			buildPhases = (
				737E64951C7A46CF000355DD /* Sources */,
				737E64961C7A46CF000355DD /* Frameworks */,
				737E64971C7A46CF000355DD /* Resources */,
			);
			buildRules = (
			);
			dependencies = (
				737E649B1C7A46CF000355DD /* PBXTargetDependency */,
			);
			name = "PCS AppUITests";
			productName = "PCS AppUITests";
			productReference = 737E64991C7A46CF000355DD /* PCS AppUITests.xctest */;
			productType = "com.apple.product-type.bundle.ui-testing";
		};
/* End PBXNativeTarget section */

/* Begin PBXProject section */
		737E646A1C7A46CE000355DD /* Project object */ = {
			isa = PBXProject;
			attributes = {
				LastUpgradeCheck = 0720;
				ORGANIZATIONNAME = "Trung Lai";
				TargetAttributes = {
					737E64711C7A46CE000355DD = {
						CreatedOnToolsVersion = 7.2.1;
					};
					737E648D1C7A46CF000355DD = {
						CreatedOnToolsVersion = 7.2.1;
						TestTargetID = 737E64711C7A46CE000355DD;
					};
					737E64981C7A46CF000355DD = {
						CreatedOnToolsVersion = 7.2.1;
						TestTargetID = 737E64711C7A46CE000355DD;
					};
				};
			};
			buildConfigurationList = 737E646D1C7A46CE000355DD /* Build configuration list for PBXProject "PCS App" */;
			compatibilityVersion = "Xcode 3.2";
			developmentRegion = English;
			hasScannedForEncodings = 0;
			knownRegions = (
				en,
				Base,
			);
			mainGroup = 737E64691C7A46CE000355DD;
			productRefGroup = 737E64731C7A46CE000355DD /* Products */;
			projectDirPath = "";
			projectRoot = "";
			targets = (
				737E64711C7A46CE000355DD /* PCS App */,
				737E648D1C7A46CF000355DD /* PCS AppTests */,
				737E64981C7A46CF000355DD /* PCS AppUITests */,
			);
		};
/* End PBXProject section */

/* Begin PBXResourcesBuildPhase section */
		737E64701C7A46CE000355DD /* Resources */ = {
			isa = PBXResourcesBuildPhase;
			buildActionMask = 2147483647;
			files = (
				737E64881C7A46CF000355DD /* LaunchScreen.storyboard in Resources */,
				737E64851C7A46CF000355DD /* Assets.xcassets in Resources */,
				737E64831C7A46CF000355DD /* Main.storyboard in Resources */,
			);
			runOnlyForDeploymentPostprocessing = 0;
		};
		737E648C1C7A46CF000355DD /* Resources */ = {
			isa = PBXResourcesBuildPhase;
			buildActionMask = 2147483647;
			files = (
			);
			runOnlyForDeploymentPostprocessing = 0;
		};
		737E64971C7A46CF000355DD /* Resources */ = {
			isa = PBXResourcesBuildPhase;
			buildActionMask = 2147483647;
			files = (
			);
			runOnlyForDeploymentPostprocessing = 0;
		};
/* End PBXResourcesBuildPhase section */

/* Begin PBXSourcesBuildPhase section */
		737E646E1C7A46CE000355DD /* Sources */ = {
			isa = PBXSourcesBuildPhase;
			buildActionMask = 2147483647;
			files = (
				737E647A1C7A46CE000355DD /* AppDelegate.m in Sources */,
				737E647D1C7A46CE000355DD /* MasterViewController.m in Sources */,
				737E64771C7A46CE000355DD /* main.m in Sources */,
				737E64801C7A46CE000355DD /* DetailViewController.m in Sources */,
			);
			runOnlyForDeploymentPostprocessing = 0;
		};
		737E648A1C7A46CF000355DD /* Sources */ = {
			isa = PBXSourcesBuildPhase;
			buildActionMask = 2147483647;
			files = (
				737E64931C7A46CF000355DD /* PCS_AppTests.m in Sources */,
			);
			runOnlyForDeploymentPostprocessing = 0;
		};
		737E64951C7A46CF000355DD /* Sources */ = {
			isa = PBXSourcesBuildPhase;
			buildActionMask = 2147483647;
			files = (
				737E649E1C7A46CF000355DD /* PCS_AppUITests.m in Sources */,
			);
			runOnlyForDeploymentPostprocessing = 0;
		};
/* End PBXSourcesBuildPhase section */

/* Begin PBXTargetDependency section */
		737E64901C7A46CF000355DD /* PBXTargetDependency */ = {
			isa = PBXTargetDependency;
			target = 737E64711C7A46CE000355DD /* PCS App */;
			targetProxy = 737E648F1C7A46CF000355DD /* PBXContainerItemProxy */;
		};
		737E649B1C7A46CF000355DD /* PBXTargetDependency */ = {
			isa = PBXTargetDependency;
			target = 737E64711C7A46CE000355DD /* PCS App */;
			targetProxy = 737E649A1C7A46CF000355DD /* PBXContainerItemProxy */;
		};
/* End PBXTargetDependency section */

/* Begin PBXVariantGroup section */
		737E64811C7A46CF000355DD /* Main.storyboard */ = {
			isa = PBXVariantGroup;
			children = (
				737E64821C7A46CF000355DD /* Base */,
			);
			name = Main.storyboard;
			sourceTree = "<group>";
			usesTabs = 0;
		};
		737E64861C7A46CF000355DD /* LaunchScreen.storyboard */ = {
			isa = PBXVariantGroup;
			children = (
				737E64871C7A46CF000355DD /* Base */,
			);
			name = LaunchScreen.storyboard;
			sourceTree = "<group>";
		};
/* End PBXVariantGroup section */

/* Begin XCBuildConfiguration section */
		737E64A01C7A46CF000355DD /* Debug */ = {
			isa = XCBuildConfiguration;
			buildSettings = {
				ALWAYS_SEARCH_USER_PATHS = NO;
				CLANG_CXX_LANGUAGE_STANDARD = "gnu++0x";
				CLANG_CXX_LIBRARY = "libc++";
				CLANG_ENABLE_MODULES = YES;
				CLANG_ENABLE_OBJC_ARC = YES;
				CLANG_WARN_BOOL_CONVERSION = YES;
				CLANG_WARN_CONSTANT_CONVERSION = YES;
				CLANG_WARN_DIRECT_OBJC_ISA_USAGE = YES_ERROR;
				CLANG_WARN_EMPTY_BODY = YES;
				CLANG_WARN_ENUM_CONVERSION = YES;
				CLANG_WARN_INT_CONVERSION = YES;
				CLANG_WARN_OBJC_ROOT_CLASS = YES_ERROR;
				CLANG_WARN_UNREACHABLE_CODE = YES;
				CLANG_WARN__DUPLICATE_METHOD_MATCH = YES;
				"CODE_SIGN_IDENTITY[sdk=iphoneos*]" = "iPhone Developer";
				COPY_PHASE_STRIP = NO;
				DEBUG_INFORMATION_FORMAT = dwarf;
				ENABLE_STRICT_OBJC_MSGSEND = YES;
				ENABLE_TESTABILITY = YES;
				GCC_C_LANGUAGE_STANDARD = gnu99;
				GCC_DYNAMIC_NO_PIC = NO;
				GCC_NO_COMMON_BLOCKS = YES;
				GCC_OPTIMIZATION_LEVEL = 0;
				GCC_PREPROCESSOR_DEFINITIONS = (
					"DEBUG=1",
					"$(inherited)",
				);
				GCC_WARN_64_TO_32_BIT_CONVERSION = YES;
				GCC_WARN_ABOUT_RETURN_TYPE = YES_ERROR;
				GCC_WARN_UNDECLARED_SELECTOR = YES;
				GCC_WARN_UNINITIALIZED_AUTOS = YES_AGGRESSIVE;
				GCC_WARN_UNUSED_FUNCTION = YES;
				GCC_WARN_UNUSED_VARIABLE = YES;
				IPHONEOS_DEPLOYMENT_TARGET = 9.2;
				MTL_ENABLE_DEBUG_INFO = YES;
				ONLY_ACTIVE_ARCH = YES;
				SDKROOT = iphoneos;
				TARGETED_DEVICE_FAMILY = "1,2";
			};
			name = Debug;
		};
		737E64A11C7A46CF000355DD /* Release */ = {
			isa = XCBuildConfiguration;
			buildSettings = {
				ALWAYS_SEARCH_USER_PATHS = NO;
				CLANG_CXX_LANGUAGE_STANDARD = "gnu++0x";
				CLANG_CXX_LIBRARY = "libc++";
				CLANG_ENABLE_MODULES = YES;
				CLANG_ENABLE_OBJC_ARC = YES;
				CLANG_WARN_BOOL_CONVERSION = YES;
				CLANG_WARN_CONSTANT_CONVERSION = YES;
				CLANG_WARN_DIRECT_OBJC_ISA_USAGE = YES_ERROR;
				CLANG_WARN_EMPTY_BODY = YES;
				CLANG_WARN_ENUM_CONVERSION = YES;
				CLANG_WARN_INT_CONVERSION = YES;
				CLANG_WARN_OBJC_ROOT_CLASS = YES_ERROR;
				CLANG_WARN_UNREACHABLE_CODE = YES;
				CLANG_WARN__DUPLICATE_METHOD_MATCH = YES;
				"CODE_SIGN_IDENTITY[sdk=iphoneos*]" = "iPhone Developer";
				COPY_PHASE_STRIP = NO;
				DEBUG_INFORMATION_FORMAT = "dwarf-with-dsym";
				ENABLE_NS_ASSERTIONS = NO;
				ENABLE_STRICT_OBJC_MSGSEND = YES;
				GCC_C_LANGUAGE_STANDARD = gnu99;
				GCC_NO_COMMON_BLOCKS = YES;
				GCC_WARN_64_TO_32_BIT_CONVERSION = YES;
				GCC_WARN_ABOUT_RETURN_TYPE = YES_ERROR;
				GCC_WARN_UNDECLARED_SELECTOR = YES;
				GCC_WARN_UNINITIALIZED_AUTOS = YES_AGGRESSIVE;
				GCC_WARN_UNUSED_FUNCTION = YES;
				GCC_WARN_UNUSED_VARIABLE = YES;
				IPHONEOS_DEPLOYMENT_TARGET = 9.2;
				MTL_ENABLE_DEBUG_INFO = NO;
				SDKROOT = iphoneos;
				TARGETED_DEVICE_FAMILY = "1,2";
				VALIDATE_PRODUCT = YES;
			};
			name = Release;
		};
		737E64A31C7A46CF000355DD /* Debug */ = {
			isa = XCBuildConfiguration;
			buildSettings = {
				ASSETCATALOG_COMPILER_APPICON_NAME = AppIcon;
				INFOPLIST_FILE = "PCS App/Info.plist";
				LD_RUNPATH_SEARCH_PATHS = "$(inherited) @executable_path/Frameworks";
				PRODUCT_BUNDLE_IDENTIFIER = "GWC.PCS-App";
				PRODUCT_NAME = "$(TARGET_NAME)";
			};
			name = Debug;
		};
		737E64A41C7A46CF000355DD /* Release */ = {
			isa = XCBuildConfiguration;
			buildSettings = {
				ASSETCATALOG_COMPILER_APPICON_NAME = AppIcon;
				INFOPLIST_FILE = "PCS App/Info.plist";
				LD_RUNPATH_SEARCH_PATHS = "$(inherited) @executable_path/Frameworks";
				PRODUCT_BUNDLE_IDENTIFIER = "GWC.PCS-App";
				PRODUCT_NAME = "$(TARGET_NAME)";
			};
			name = Release;
		};
		737E64A61C7A46CF000355DD /* Debug */ = {
			isa = XCBuildConfiguration;
			buildSettings = {
				BUNDLE_LOADER = "$(TEST_HOST)";
				INFOPLIST_FILE = "PCS AppTests/Info.plist";
				LD_RUNPATH_SEARCH_PATHS = "$(inherited) @executable_path/Frameworks @loader_path/Frameworks";
				PRODUCT_BUNDLE_IDENTIFIER = "GWC.PCS-AppTests";
				PRODUCT_NAME = "$(TARGET_NAME)";
				TEST_HOST = "$(BUILT_PRODUCTS_DIR)/PCS App.app/PCS App";
			};
			name = Debug;
		};
		737E64A71C7A46CF000355DD /* Release */ = {
			isa = XCBuildConfiguration;
			buildSettings = {
				BUNDLE_LOADER = "$(TEST_HOST)";
				INFOPLIST_FILE = "PCS AppTests/Info.plist";
				LD_RUNPATH_SEARCH_PATHS = "$(inherited) @executable_path/Frameworks @loader_path/Frameworks";
				PRODUCT_BUNDLE_IDENTIFIER = "GWC.PCS-AppTests";
				PRODUCT_NAME = "$(TARGET_NAME)";
				TEST_HOST = "$(BUILT_PRODUCTS_DIR)/PCS App.app/PCS App";
			};
			name = Release;
		};
		737E64A91C7A46CF000355DD /* Debug */ = {
			isa = XCBuildConfiguration;
			buildSettings = {
				INFOPLIST_FILE = "PCS AppUITests/Info.plist";
				LD_RUNPATH_SEARCH_PATHS = "$(inherited) @executable_path/Frameworks @loader_path/Frameworks";
				PRODUCT_BUNDLE_IDENTIFIER = "GWC.PCS-AppUITests";
				PRODUCT_NAME = "$(TARGET_NAME)";
				TEST_TARGET_NAME = "PCS App";
				USES_XCTRUNNER = YES;
			};
			name = Debug;
		};
		737E64AA1C7A46CF000355DD /* Release */ = {
			isa = XCBuildConfiguration;
			buildSettings = {
				INFOPLIST_FILE = "PCS AppUITests/Info.plist";
				LD_RUNPATH_SEARCH_PATHS = "$(inherited) @executable_path/Frameworks @loader_path/Frameworks";
				PRODUCT_BUNDLE_IDENTIFIER = "GWC.PCS-AppUITests";
				PRODUCT_NAME = "$(TARGET_NAME)";
				TEST_TARGET_NAME = "PCS App";
				USES_XCTRUNNER = YES;
			};
			name = Release;
		};
/* End XCBuildConfiguration section */

/* Begin XCConfigurationList section */
		737E646D1C7A46CE000355DD /* Build configuration list for PBXProject "PCS App" */ = {
			isa = XCConfigurationList;
			buildConfigurations = (
				737E64A01C7A46CF000355DD /* Debug */,
				737E64A11C7A46CF000355DD /* Release */,
			);
			defaultConfigurationIsVisible = 0;
			defaultConfigurationName = Release;
		};
		737E64A21C7A46CF000355DD /* Build configuration list for PBXNativeTarget "PCS App" */ = {
			isa = XCConfigurationList;
			buildConfigurations = (
				737E64A31C7A46CF000355DD /* Debug */,
				737E64A41C7A46CF000355DD /* Release */,
			);
			defaultConfigurationIsVisible = 0;
		};
		737E64A51C7A46CF000355DD /* Build configuration list for PBXNativeTarget "PCS AppTests" */ = {
			isa = XCConfigurationList;
			buildConfigurations = (
				737E64A61C7A46CF000355DD /* Debug */,
				737E64A71C7A46CF000355DD /* Release */,
			);
			defaultConfigurationIsVisible = 0;
		};
		737E64A81C7A46CF000355DD /* Build configuration list for PBXNativeTarget "PCS AppUITests" */ = {
			isa = XCConfigurationList;
			buildConfigurations = (
				737E64A91C7A46CF000355DD /* Debug */,
				737E64AA1C7A46CF000355DD /* Release */,
			);
			defaultConfigurationIsVisible = 0;
		};
/* End XCConfigurationList section */
	};
	rootObject = 737E646A1C7A46CE000355DD /* Project object */;
}
